
Microsoft Visual Studio Solution File, Format Version 12.00
# Visual Studio Version 17
VisualStudioVersion = 17.5.33627.172
MinimumVisualStudioVersion = 10.0.40219.1
Project("{9A19103F-16F7-4668-BE54-9A1E7A4F7556}") = "Common", "Common\Common.csproj", "{068C47EB-B9C6-482F-BAA3-EE42F93BDBFD}"
EndProject
Project("{9A19103F-16F7-4668-BE54-9A1E7A4F7556}") = "Extention", "Extention\Extention.csproj", "{D487D7B0-802F-467A-B3AE-961A2EDD07A9}"
EndProject
Project("{9A19103F-16F7-4668-BE54-9A1E7A4F7556}") = "Repository", "Repository\Repository.csproj", "{D63DCA2D-6AB5-459E-82CC-0053A169A21B}"
EndProject
Project("{9A19103F-16F7-4668-BE54-9A1E7A4F7556}") = "PortalApi", "PortalApi\PortalApi.csproj", "{6FEAC224-0ABF-469C-A31B-F2EC9B80630D}"
EndProject
Project("{2150E333-8FDC-42A3-9474-1A3956D46DE8}") = "DBAdapters", "DBAdapters", "{7768775D-9780-4A49-A121-7FE816D950BB}"
EndProject
Project("{9A19103F-16F7-4668-BE54-9A1E7A4F7556}") = "MsSqlAdapter", "MsSqlAdapter\MsSqlAdapter.csproj", "{9E188EC6-01FF-4D1E-9219-929E1CD81A8F}"
EndProject
Project("{2150E333-8FDC-42A3-9474-1A3956D46DE8}") = "Services", "Services", "{EA2E5E63-6CEC-473F-9B2B-8F4D31C05634}"
EndProject
Project("{9A19103F-16F7-4668-BE54-9A1E7A4F7556}") = "MsSqlServices", "SqlServices\MsSqlServices.csproj", "{191EE11B-E201-4336-B03D-0DC4854A6C63}"
EndProject
Project("{9A19103F-16F7-4668-BE54-9A1E7A4F7556}") = "MsSqlAdapter.Interface", "MsSqlDatabase.Interface\MsSqlAdapter.Interface.csproj", "{AA9B0267-5CA7-4F05-96E5-9EA87BAAE258}"
EndProject
Project("{2150E333-8FDC-42A3-9474-1A3956D46DE8}") = "Models", "Models", "{688B7224-F439-4BE2-8E3D-1C413BF8DE40}"
EndProject
Project("{9A19103F-16F7-4668-BE54-9A1E7A4F7556}") = "Models.DTO", "Models.DTO\Models.DTO.csproj", "{766F77A0-8ECB-4891-B25F-A0589F0ECD5C}"
EndProject
Project("{2150E333-8FDC-42A3-9474-1A3956D46DE8}") = "Services.Interface", "Services.Interface", "{9BAF822B-728D-4536-B6A3-A6D557DA4312}"
EndProject
Project("{9A19103F-16F7-4668-BE54-9A1E7A4F7556}") = "Services.Common.Interface", "Services.Common.Interface\Services.Common.Interface.csproj", "{79239CC6-51F7-440E-82E4-2B8788694D45}"
EndProject
Project("{9A19103F-16F7-4668-BE54-9A1E7A4F7556}") = "Services.MsSqlServices.Interface", "Services.MsSqlServices.Interface\Services.MsSqlServices.Interface.csproj", "{70E7D4E5-9692-45B2-AECE-B558A5545CA8}"
EndProject
Project("{9A19103F-16F7-4668-BE54-9A1E7A4F7556}") = "Services.Repository.Interface", "Services.Repository\Services.Repository.Interface.csproj", "{4E7FA7C6-9928-42D0-9E9D-5EB80782097F}"
EndProject
Project("{9A19103F-16F7-4668-BE54-9A1E7A4F7556}") = "Factory", "Factory\Factory.csproj", "{C900765B-B82F-452E-BE82-C9E1459A8E35}"
EndProject
Project("{2150E333-8FDC-42A3-9474-1A3956D46DE8}") = "APIAdapter", "APIAdapter", "{7D1E934E-48D3-4878-9323-B4C1921E9ED1}"
EndProject
Project("{9A19103F-16F7-4668-BE54-9A1E7A4F7556}") = "APIAdapter", "APIAdapter\APIAdapter.csproj", "{CBB3835A-9D2C-4689-A139-AFC01E75B0D6}"
EndProject
Project("{9A19103F-16F7-4668-BE54-9A1E7A4F7556}") = "APIAdapter.Interface", "APIAdapter.Interface\APIAdapter.Interface.csproj", "{ACD01A74-DEBA-4B5B-AA1A-B177CA3C0317}"
EndProject
Project("{9A19103F-16F7-4668-BE54-9A1E7A4F7556}") = "ApiServices", "ApiServices\ApiServices.csproj", "{28F1CB6D-99A8-4921-BA84-835C608B16EA}"
EndProject
Project("{9A19103F-16F7-4668-BE54-9A1E7A4F7556}") = "ApiServices.Interface", "ApiServices.Interface\ApiServices.Interface.csproj", "{8A72B427-3DE2-430A-80DF-9D058455929B}"
EndProject
Project("{2150E333-8FDC-42A3-9474-1A3956D46DE8}") = "Configuration", "Configuration", "{31C0E631-A1A7-4AD5-81B2-A8CAD502097A}"
EndProject
Project("{9A19103F-16F7-4668-BE54-9A1E7A4F7556}") = "Global.Errorhandling", "Global.Exception\Global.Errorhandling.csproj", "{418F8A41-FD91-4898-ABBD-BCBBD83898CE}"
EndProject
Project("{9A19103F-16F7-4668-BE54-9A1E7A4F7556}") = "Throttle.Filter", "Throttle.Filter\Throttle.Filter.csproj", "{0814CD04-7EB1-4BAD-A53E-66433A88DADD}"
EndProject
Project("{9A19103F-16F7-4668-BE54-9A1E7A4F7556}") = "Custom.Filter", "Custom.Filter\Custom.Filter.csproj", "{FE2373EF-A583-46E2-800F-5B2957C29166}"
EndProject
Project("{FAE04EC0-301F-11D3-BF4B-00C04F79EFBC}") = "AuthenticationHelper", "AuthenticationHelper\AuthenticationHelper.csproj", "{381F4A72-32D9-4CC3-A35B-942E22766182}"
EndProject
Project("{FAE04EC0-301F-11D3-BF4B-00C04F79EFBC}") = "Models.Enums", "Enums\Models.Enums.csproj", "{43BDFF92-F0F2-4E01-BD1B-EDA2A126F283}"
EndProject
Global
	GlobalSection(SolutionConfigurationPlatforms) = preSolution
		Debug|Any CPU = Debug|Any CPU
		Release|Any CPU = Release|Any CPU
	EndGlobalSection
	GlobalSection(ProjectConfigurationPlatforms) = postSolution
		{068C47EB-B9C6-482F-BAA3-EE42F93BDBFD}.Debug|Any CPU.ActiveCfg = Debug|Any CPU
		{068C47EB-B9C6-482F-BAA3-EE42F93BDBFD}.Debug|Any CPU.Build.0 = Debug|Any CPU
		{068C47EB-B9C6-482F-BAA3-EE42F93BDBFD}.Release|Any CPU.ActiveCfg = Release|Any CPU
		{068C47EB-B9C6-482F-BAA3-EE42F93BDBFD}.Release|Any CPU.Build.0 = Release|Any CPU
		{D487D7B0-802F-467A-B3AE-961A2EDD07A9}.Debug|Any CPU.ActiveCfg = Debug|Any CPU
		{D487D7B0-802F-467A-B3AE-961A2EDD07A9}.Debug|Any CPU.Build.0 = Debug|Any CPU
		{D487D7B0-802F-467A-B3AE-961A2EDD07A9}.Release|Any CPU.ActiveCfg = Release|Any CPU
		{D487D7B0-802F-467A-B3AE-961A2EDD07A9}.Release|Any CPU.Build.0 = Release|Any CPU
		{D63DCA2D-6AB5-459E-82CC-0053A169A21B}.Debug|Any CPU.ActiveCfg = Debug|Any CPU
		{D63DCA2D-6AB5-459E-82CC-0053A169A21B}.Debug|Any CPU.Build.0 = Debug|Any CPU
		{D63DCA2D-6AB5-459E-82CC-0053A169A21B}.Release|Any CPU.ActiveCfg = Release|Any CPU
		{D63DCA2D-6AB5-459E-82CC-0053A169A21B}.Release|Any CPU.Build.0 = Release|Any CPU
		{6FEAC224-0ABF-469C-A31B-F2EC9B80630D}.Debug|Any CPU.ActiveCfg = Debug|Any CPU
		{6FEAC224-0ABF-469C-A31B-F2EC9B80630D}.Debug|Any CPU.Build.0 = Debug|Any CPU
		{6FEAC224-0ABF-469C-A31B-F2EC9B80630D}.Release|Any CPU.ActiveCfg = Release|Any CPU
		{6FEAC224-0ABF-469C-A31B-F2EC9B80630D}.Release|Any CPU.Build.0 = Release|Any CPU
		{9E188EC6-01FF-4D1E-9219-929E1CD81A8F}.Debug|Any CPU.ActiveCfg = Debug|Any CPU
		{9E188EC6-01FF-4D1E-9219-929E1CD81A8F}.Debug|Any CPU.Build.0 = Debug|Any CPU
		{9E188EC6-01FF-4D1E-9219-929E1CD81A8F}.Release|Any CPU.ActiveCfg = Release|Any CPU
		{9E188EC6-01FF-4D1E-9219-929E1CD81A8F}.Release|Any CPU.Build.0 = Release|Any CPU
		{191EE11B-E201-4336-B03D-0DC4854A6C63}.Debug|Any CPU.ActiveCfg = Debug|Any CPU
		{191EE11B-E201-4336-B03D-0DC4854A6C63}.Debug|Any CPU.Build.0 = Debug|Any CPU
		{191EE11B-E201-4336-B03D-0DC4854A6C63}.Release|Any CPU.ActiveCfg = Release|Any CPU
		{191EE11B-E201-4336-B03D-0DC4854A6C63}.Release|Any CPU.Build.0 = Release|Any CPU
		{AA9B0267-5CA7-4F05-96E5-9EA87BAAE258}.Debug|Any CPU.ActiveCfg = Debug|Any CPU
		{AA9B0267-5CA7-4F05-96E5-9EA87BAAE258}.Debug|Any CPU.Build.0 = Debug|Any CPU
		{AA9B0267-5CA7-4F05-96E5-9EA87BAAE258}.Release|Any CPU.ActiveCfg = Release|Any CPU
		{AA9B0267-5CA7-4F05-96E5-9EA87BAAE258}.Release|Any CPU.Build.0 = Release|Any CPU
		{766F77A0-8ECB-4891-B25F-A0589F0ECD5C}.Debug|Any CPU.ActiveCfg = Debug|Any CPU
		{766F77A0-8ECB-4891-B25F-A0589F0ECD5C}.Debug|Any CPU.Build.0 = Debug|Any CPU
		{766F77A0-8ECB-4891-B25F-A0589F0ECD5C}.Release|Any CPU.ActiveCfg = Release|Any CPU
		{766F77A0-8ECB-4891-B25F-A0589F0ECD5C}.Release|Any CPU.Build.0 = Release|Any CPU
		{79239CC6-51F7-440E-82E4-2B8788694D45}.Debug|Any CPU.ActiveCfg = Debug|Any CPU
		{79239CC6-51F7-440E-82E4-2B8788694D45}.Debug|Any CPU.Build.0 = Debug|Any CPU
		{79239CC6-51F7-440E-82E4-2B8788694D45}.Release|Any CPU.ActiveCfg = Release|Any CPU
		{79239CC6-51F7-440E-82E4-2B8788694D45}.Release|Any CPU.Build.0 = Release|Any CPU
		{70E7D4E5-9692-45B2-AECE-B558A5545CA8}.Debug|Any CPU.ActiveCfg = Debug|Any CPU
		{70E7D4E5-9692-45B2-AECE-B558A5545CA8}.Debug|Any CPU.Build.0 = Debug|Any CPU
		{70E7D4E5-9692-45B2-AECE-B558A5545CA8}.Release|Any CPU.ActiveCfg = Release|Any CPU
		{70E7D4E5-9692-45B2-AECE-B558A5545CA8}.Release|Any CPU.Build.0 = Release|Any CPU
		{4E7FA7C6-9928-42D0-9E9D-5EB80782097F}.Debug|Any CPU.ActiveCfg = Debug|Any CPU
		{4E7FA7C6-9928-42D0-9E9D-5EB80782097F}.Debug|Any CPU.Build.0 = Debug|Any CPU
		{4E7FA7C6-9928-42D0-9E9D-5EB80782097F}.Release|Any CPU.ActiveCfg = Release|Any CPU
		{4E7FA7C6-9928-42D0-9E9D-5EB80782097F}.Release|Any CPU.Build.0 = Release|Any CPU
		{C900765B-B82F-452E-BE82-C9E1459A8E35}.Debug|Any CPU.ActiveCfg = Debug|Any CPU
		{C900765B-B82F-452E-BE82-C9E1459A8E35}.Debug|Any CPU.Build.0 = Debug|Any CPU
		{C900765B-B82F-452E-BE82-C9E1459A8E35}.Release|Any CPU.ActiveCfg = Release|Any CPU
		{C900765B-B82F-452E-BE82-C9E1459A8E35}.Release|Any CPU.Build.0 = Release|Any CPU
		{CBB3835A-9D2C-4689-A139-AFC01E75B0D6}.Debug|Any CPU.ActiveCfg = Debug|Any CPU
		{CBB3835A-9D2C-4689-A139-AFC01E75B0D6}.Debug|Any CPU.Build.0 = Debug|Any CPU
		{CBB3835A-9D2C-4689-A139-AFC01E75B0D6}.Release|Any CPU.ActiveCfg = Release|Any CPU
		{CBB3835A-9D2C-4689-A139-AFC01E75B0D6}.Release|Any CPU.Build.0 = Release|Any CPU
		{ACD01A74-DEBA-4B5B-AA1A-B177CA3C0317}.Debug|Any CPU.ActiveCfg = Debug|Any CPU
		{ACD01A74-DEBA-4B5B-AA1A-B177CA3C0317}.Debug|Any CPU.Build.0 = Debug|Any CPU
		{ACD01A74-DEBA-4B5B-AA1A-B177CA3C0317}.Release|Any CPU.ActiveCfg = Release|Any CPU
		{ACD01A74-DEBA-4B5B-AA1A-B177CA3C0317}.Release|Any CPU.Build.0 = Release|Any CPU
		{28F1CB6D-99A8-4921-BA84-835C608B16EA}.Debug|Any CPU.ActiveCfg = Debug|Any CPU
		{28F1CB6D-99A8-4921-BA84-835C608B16EA}.Debug|Any CPU.Build.0 = Debug|Any CPU
		{28F1CB6D-99A8-4921-BA84-835C608B16EA}.Release|Any CPU.ActiveCfg = Release|Any CPU
		{28F1CB6D-99A8-4921-BA84-835C608B16EA}.Release|Any CPU.Build.0 = Release|Any CPU
		{8A72B427-3DE2-430A-80DF-9D058455929B}.Debug|Any CPU.ActiveCfg = Debug|Any CPU
		{8A72B427-3DE2-430A-80DF-9D058455929B}.Debug|Any CPU.Build.0 = Debug|Any CPU
		{8A72B427-3DE2-430A-80DF-9D058455929B}.Release|Any CPU.ActiveCfg = Release|Any CPU
		{8A72B427-3DE2-430A-80DF-9D058455929B}.Release|Any CPU.Build.0 = Release|Any CPU
		{418F8A41-FD91-4898-ABBD-BCBBD83898CE}.Debug|Any CPU.ActiveCfg = Debug|Any CPU
		{418F8A41-FD91-4898-ABBD-BCBBD83898CE}.Debug|Any CPU.Build.0 = Debug|Any CPU
		{418F8A41-FD91-4898-ABBD-BCBBD83898CE}.Release|Any CPU.ActiveCfg = Release|Any CPU
		{418F8A41-FD91-4898-ABBD-BCBBD83898CE}.Release|Any CPU.Build.0 = Release|Any CPU
		{0814CD04-7EB1-4BAD-A53E-66433A88DADD}.Debug|Any CPU.ActiveCfg = Debug|Any CPU
		{0814CD04-7EB1-4BAD-A53E-66433A88DADD}.Debug|Any CPU.Build.0 = Debug|Any CPU
		{0814CD04-7EB1-4BAD-A53E-66433A88DADD}.Release|Any CPU.ActiveCfg = Release|Any CPU
		{0814CD04-7EB1-4BAD-A53E-66433A88DADD}.Release|Any CPU.Build.0 = Release|Any CPU
		{FE2373EF-A583-46E2-800F-5B2957C29166}.Debug|Any CPU.ActiveCfg = Debug|Any CPU
		{FE2373EF-A583-46E2-800F-5B2957C29166}.Debug|Any CPU.Build.0 = Debug|Any CPU
		{FE2373EF-A583-46E2-800F-5B2957C29166}.Release|Any CPU.ActiveCfg = Release|Any CPU
		{FE2373EF-A583-46E2-800F-5B2957C29166}.Release|Any CPU.Build.0 = Release|Any CPU
		{381F4A72-32D9-4CC3-A35B-942E22766182}.Debug|Any CPU.ActiveCfg = Debug|Any CPU
		{381F4A72-32D9-4CC3-A35B-942E22766182}.Debug|Any CPU.Build.0 = Debug|Any CPU
		{381F4A72-32D9-4CC3-A35B-942E22766182}.Release|Any CPU.ActiveCfg = Release|Any CPU
		{381F4A72-32D9-4CC3-A35B-942E22766182}.Release|Any CPU.Build.0 = Release|Any CPU
		{43BDFF92-F0F2-4E01-BD1B-EDA2A126F283}.Debug|Any CPU.ActiveCfg = Debug|Any CPU
		{43BDFF92-F0F2-4E01-BD1B-EDA2A126F283}.Debug|Any CPU.Build.0 = Debug|Any CPU
		{43BDFF92-F0F2-4E01-BD1B-EDA2A126F283}.Release|Any CPU.ActiveCfg = Release|Any CPU
		{43BDFF92-F0F2-4E01-BD1B-EDA2A126F283}.Release|Any CPU.Build.0 = Release|Any CPU
	EndGlobalSection
	GlobalSection(SolutionProperties) = preSolution
		HideSolutionNode = FALSE
	EndGlobalSection
	GlobalSection(NestedProjects) = preSolution
		{068C47EB-B9C6-482F-BAA3-EE42F93BDBFD} = {EA2E5E63-6CEC-473F-9B2B-8F4D31C05634}
		{D487D7B0-802F-467A-B3AE-961A2EDD07A9} = {EA2E5E63-6CEC-473F-9B2B-8F4D31C05634}
		{D63DCA2D-6AB5-459E-82CC-0053A169A21B} = {EA2E5E63-6CEC-473F-9B2B-8F4D31C05634}
		{9E188EC6-01FF-4D1E-9219-929E1CD81A8F} = {7768775D-9780-4A49-A121-7FE816D950BB}
		{191EE11B-E201-4336-B03D-0DC4854A6C63} = {EA2E5E63-6CEC-473F-9B2B-8F4D31C05634}
		{AA9B0267-5CA7-4F05-96E5-9EA87BAAE258} = {7768775D-9780-4A49-A121-7FE816D950BB}
		{766F77A0-8ECB-4891-B25F-A0589F0ECD5C} = {688B7224-F439-4BE2-8E3D-1C413BF8DE40}
		{79239CC6-51F7-440E-82E4-2B8788694D45} = {9BAF822B-728D-4536-B6A3-A6D557DA4312}
		{70E7D4E5-9692-45B2-AECE-B558A5545CA8} = {9BAF822B-728D-4536-B6A3-A6D557DA4312}
		{4E7FA7C6-9928-42D0-9E9D-5EB80782097F} = {9BAF822B-728D-4536-B6A3-A6D557DA4312}
		{C900765B-B82F-452E-BE82-C9E1459A8E35} = {EA2E5E63-6CEC-473F-9B2B-8F4D31C05634}
		{CBB3835A-9D2C-4689-A139-AFC01E75B0D6} = {7D1E934E-48D3-4878-9323-B4C1921E9ED1}
		{ACD01A74-DEBA-4B5B-AA1A-B177CA3C0317} = {7D1E934E-48D3-4878-9323-B4C1921E9ED1}
		{28F1CB6D-99A8-4921-BA84-835C608B16EA} = {EA2E5E63-6CEC-473F-9B2B-8F4D31C05634}
		{8A72B427-3DE2-430A-80DF-9D058455929B} = {9BAF822B-728D-4536-B6A3-A6D557DA4312}
		{418F8A41-FD91-4898-ABBD-BCBBD83898CE} = {31C0E631-A1A7-4AD5-81B2-A8CAD502097A}
		{0814CD04-7EB1-4BAD-A53E-66433A88DADD} = {31C0E631-A1A7-4AD5-81B2-A8CAD502097A}
		{FE2373EF-A583-46E2-800F-5B2957C29166} = {31C0E631-A1A7-4AD5-81B2-A8CAD502097A}
		{381F4A72-32D9-4CC3-A35B-942E22766182} = {EA2E5E63-6CEC-473F-9B2B-8F4D31C05634}
		{43BDFF92-F0F2-4E01-BD1B-EDA2A126F283} = {688B7224-F439-4BE2-8E3D-1C413BF8DE40}
	EndGlobalSection
	GlobalSection(ExtensibilityGlobals) = postSolution
		SolutionGuid = {99241E23-C373-4638-A6F3-4D71B0283AF9}
	EndGlobalSection
EndGlobal
